
Microsoft Visual Studio Solution File, Format Version 12.00
# Visual Studio Version 16
VisualStudioVersion = 16.0.34031.81
MinimumVisualStudioVersion = 10.0.40219.1
Project("{FAE04EC0-301F-11D3-BF4B-00C04F79EFBC}") = "EmployeeApp", "..\EmployeeApp\EmployeeApp.csproj", "{7B250AAC-E55D-4DD5-B71B-7C8E653FE237}"
EndProject
Project("{FAE04EC0-301F-11D3-BF4B-00C04F79EFBC}") = "Gurdian", "..\Gurdian\Gurdian.csproj", "{6B0FD474-E30B-4ACB-AA50-FC0AA2A65D29}"
EndProject
Project("{FAE04EC0-301F-11D3-BF4B-00C04F79EFBC}") = "S", "..\S\S.csproj", "{125D1F72-90F9-4F58-9ED0-FCBE3CBC7C58}"
EndProject
Project("{FAE04EC0-301F-11D3-BF4B-00C04F79EFBC}") = "WebApplication1", "WebApplication1\WebApplication1.csproj", "{2FAC7C63-89F0-4C50-914C-BF8C531AFB28}"
EndProject
Project("{FAE04EC0-301F-11D3-BF4B-00C04F79EFBC}") = "EntityLibrary", "EntityLibrary\EntityLibrary.csproj", "{FD1AC371-6954-44EC-9627-EEFC266C1E98}"
EndProject
Global
	GlobalSection(SolutionConfigurationPlatforms) = preSolution
		Debug|Any CPU = Debug|Any CPU
		Release|Any CPU = Release|Any CPU
	EndGlobalSection
	GlobalSection(ProjectConfigurationPlatforms) = postSolution
		{7B250AAC-E55D-4DD5-B71B-7C8E653FE237}.Debug|Any CPU.ActiveCfg = Debug|Any CPU
		{7B250AAC-E55D-4DD5-B71B-7C8E653FE237}.Debug|Any CPU.Build.0 = Debug|Any CPU
		{7B250AAC-E55D-4DD5-B71B-7C8E653FE237}.Release|Any CPU.ActiveCfg = Release|Any CPU
		{7B250AAC-E55D-4DD5-B71B-7C8E653FE237}.Release|Any CPU.Build.0 = Release|Any CPU
		{6B0FD474-E30B-4ACB-AA50-FC0AA2A65D29}.Debug|Any CPU.ActiveCfg = Debug|Any CPU
		{6B0FD474-E30B-4ACB-AA50-FC0AA2A65D29}.Debug|Any CPU.Build.0 = Debug|Any CPU
		{6B0FD474-E30B-4ACB-AA50-FC0AA2A65D29}.Release|Any CPU.ActiveCfg = Release|Any CPU
		{6B0FD474-E30B-4ACB-AA50-FC0AA2A65D29}.Release|Any CPU.Build.0 = Release|Any CPU
		{125D1F72-90F9-4F58-9ED0-FCBE3CBC7C58}.Debug|Any CPU.ActiveCfg = Debug|Any CPU
		{125D1F72-90F9-4F58-9ED0-FCBE3CBC7C58}.Debug|Any CPU.Build.0 = Debug|Any CPU
		{125D1F72-90F9-4F58-9ED0-FCBE3CBC7C58}.Release|Any CPU.ActiveCfg = Release|Any CPU
		{125D1F72-90F9-4F58-9ED0-FCBE3CBC7C58}.Release|Any CPU.Build.0 = Release|Any CPU
		{2FAC7C63-89F0-4C50-914C-BF8C531AFB28}.Debug|Any CPU.ActiveCfg = Debug|Any CPU
		{2FAC7C63-89F0-4C50-914C-BF8C531AFB28}.Debug|Any CPU.Build.0 = Debug|Any CPU
		{2FAC7C63-89F0-4C50-914C-BF8C531AFB28}.Release|Any CPU.ActiveCfg = Release|Any CPU
		{2FAC7C63-89F0-4C50-914C-BF8C531AFB28}.Release|Any CPU.Build.0 = Release|Any CPU
		{FD1AC371-6954-44EC-9627-EEFC266C1E98}.Debug|Any CPU.ActiveCfg = Debug|Any CPU
		{FD1AC371-6954-44EC-9627-EEFC266C1E98}.Debug|Any CPU.Build.0 = Debug|Any CPU
		{FD1AC371-6954-44EC-9627-EEFC266C1E98}.Release|Any CPU.ActiveCfg = Release|Any CPU
		{FD1AC371-6954-44EC-9627-EEFC266C1E98}.Release|Any CPU.Build.0 = Release|Any CPU
	EndGlobalSection
	GlobalSection(SolutionProperties) = preSolution
		HideSolutionNode = FALSE
	EndGlobalSection
	GlobalSection(ExtensibilityGlobals) = postSolution
		SolutionGuid = {363E26F2-5A49-4216-B2AD-C8C306F81559}
	EndGlobalSection
EndGlobal
